
Microsoft Visual Studio Solution File, Format Version 12.00
# Visual Studio Version 17
VisualStudioVersion = 17.14.36705.20 d17.14
MinimumVisualStudioVersion = 10.0.40219.1
Project("{FAE04EC0-301F-11D3-BF4B-00C04F79EFBC}") = "CRUDApplication", "CRUDApplication.csproj", "{03E9FE1E-E0E1-4B6F-855B-407FA26C8027}"
EndProject
Global
	GlobalSection(SolutionConfigurationPlatforms) = preSolution
		Debug|Any CPU = Debug|Any CPU
		Release|Any CPU = Release|Any CPU
	EndGlobalSection
	GlobalSection(ProjectConfigurationPlatforms) = postSolution
		{03E9FE1E-E0E1-4B6F-855B-407FA26C8027}.Debug|Any CPU.ActiveCfg = Debug|Any CPU
		{03E9FE1E-E0E1-4B6F-855B-407FA26C8027}.Debug|Any CPU.Build.0 = Debug|Any CPU
		{03E9FE1E-E0E1-4B6F-855B-407FA26C8027}.Release|Any CPU.ActiveCfg = Release|Any CPU
		{03E9FE1E-E0E1-4B6F-855B-407FA26C8027}.Release|Any CPU.Build.0 = Release|Any CPU
	EndGlobalSection
	GlobalSection(SolutionProperties) = preSolution
		HideSolutionNode = FALSE
	EndGlobalSection
	GlobalSection(ExtensibilityGlobals) = postSolution
		SolutionGuid = {9180E7A2-7F85-4AAC-A133-8ADFF0CA3EB2}
	EndGlobalSection
EndGlobal
